
Microsoft Visual Studio Solution File, Format Version 12.00
# Visual Studio Version 17
VisualStudioVersion = 17.7.34031.279
MinimumVisualStudioVersion = 10.0.40219.1
Project("{FAE04EC0-301F-11D3-BF4B-00C04F79EFBC}") = "Deskr", "Deskr\Deskr.csproj", "{6A0C6316-8D78-4CC0-846B-007B1B8110EC}"
EndProject
Global
	GlobalSection(SolutionConfigurationPlatforms) = preSolution
		Debug|Any CPU = Debug|Any CPU
		Release|Any CPU = Release|Any CPU
	EndGlobalSection
	GlobalSection(ProjectConfigurationPlatforms) = postSolution
		{6A0C6316-8D78-4CC0-846B-007B1B8110EC}.Debug|Any CPU.ActiveCfg = Debug|Any CPU
		{6A0C6316-8D78-4CC0-846B-007B1B8110EC}.Debug|Any CPU.Build.0 = Debug|Any CPU
		{6A0C6316-8D78-4CC0-846B-007B1B8110EC}.Release|Any CPU.ActiveCfg = Release|Any CPU
		{6A0C6316-8D78-4CC0-846B-007B1B8110EC}.Release|Any CPU.Build.0 = Release|Any CPU
	EndGlobalSection
	GlobalSection(SolutionProperties) = preSolution
		HideSolutionNode = FALSE
	EndGlobalSection
	GlobalSection(ExtensibilityGlobals) = postSolution
		SolutionGuid = {070AEF42-954A-4096-8431-099023750D61}
	EndGlobalSection
EndGlobal
